// !$*UTF8*$!
{
	archiveVersion = 1;
	classes = {
	};
	objectVersion = 50;
	objects = {

/* Begin PBXBuildFile section */
		BB5B0AFE2107985500B3D5BD /* StarterKitOneDriveAPI.m in Sources */ = {isa = PBXBuildFile; fileRef = BB5B0AFD2107985500B3D5BD /* StarterKitOneDriveAPI.m */; };
		BBE503D82105E3D20039DDA7 /* AppDelegate.m in Sources */ = {isa = PBXBuildFile; fileRef = BBE503D72105E3D20039DDA7 /* AppDelegate.m */; };
		BBE503DB2105E3D20039DDA7 /* ViewController.m in Sources */ = {isa = PBXBuildFile; fileRef = BBE503DA2105E3D20039DDA7 /* ViewController.m */; };
		BBE503DE2105E3D20039DDA7 /* Main.storyboard in Resources */ = {isa = PBXBuildFile; fileRef = BBE503DC2105E3D20039DDA7 /* Main.storyboard */; };
		BBE503E02105E3D40039DDA7 /* Assets.xcassets in Resources */ = {isa = PBXBuildFile; fileRef = BBE503DF2105E3D40039DDA7 /* Assets.xcassets */; };
		BBE503E32105E3D40039DDA7 /* LaunchScreen.storyboard in Resources */ = {isa = PBXBuildFile; fileRef = BBE503E12105E3D40039DDA7 /* LaunchScreen.storyboard */; };
		BBE503E62105E3D40039DDA7 /* main.m in Sources */ = {isa = PBXBuildFile; fileRef = BBE503E52105E3D40039DDA7 /* main.m */; };
		BBE504002105FE6F0039DDA7 /* OneDriveSDK.framework in Frameworks */ = {isa = PBXBuildFile; fileRef = BBE503F42105EF2F0039DDA7 /* OneDriveSDK.framework */; };
		BBE5040621060BCC0039DDA7 /* OneDriveKeys.plist in Resources */ = {isa = PBXBuildFile; fileRef = BBE5040521060BCC0039DDA7 /* OneDriveKeys.plist */; };
		BBE5040821060C2C0039DDA7 /* OneDriveKeys-Sample.plist in Resources */ = {isa = PBXBuildFile; fileRef = BBE5040721060C2C0039DDA7 /* OneDriveKeys-Sample.plist */; };
		BBE5040A21060C7E0039DDA7 /* README.md in Resources */ = {isa = PBXBuildFile; fileRef = BBE5040921060C7E0039DDA7 /* README.md */; };
/* End PBXBuildFile section */

/* Begin PBXContainerItemProxy section */
		BBE503F32105EF2F0039DDA7 /* PBXContainerItemProxy */ = {
			isa = PBXContainerItemProxy;
			containerPortal = BBE503ED2105EF2F0039DDA7 /* OneDriveSDK.xcodeproj */;
			proxyType = 2;
			remoteGlobalIDString = 10B4D1201AF8215D0083D86C;
			remoteInfo = OneDriveSDK;
		};
		BBE503F52105EF2F0039DDA7 /* PBXContainerItemProxy */ = {
			isa = PBXContainerItemProxy;
			containerPortal = BBE503ED2105EF2F0039DDA7 /* OneDriveSDK.xcodeproj */;
			proxyType = 2;
			remoteGlobalIDString = 10B4D32D1AF827D80083D86C;
			remoteInfo = OneDriveSDKTests;
		};
/* End PBXContainerItemProxy section */

/* Begin PBXFileReference section */
		BB5B0AF9210790E500B3D5BD /* OneDriveAPI.h */ = {isa = PBXFileReference; lastKnownFileType = sourcecode.c.h; path = OneDriveAPI.h; sourceTree = "<group>"; };
		BB5B0AFC2107985500B3D5BD /* StarterKitOneDriveAPI.h */ = {isa = PBXFileReference; lastKnownFileType = sourcecode.c.h; path = StarterKitOneDriveAPI.h; sourceTree = "<group>"; };
		BB5B0AFD2107985500B3D5BD /* StarterKitOneDriveAPI.m */ = {isa = PBXFileReference; lastKnownFileType = sourcecode.c.objc; path = StarterKitOneDriveAPI.m; sourceTree = "<group>"; };
		BBE503D32105E3D20039DDA7 /* ios-onedrive-starterkit.app */ = {isa = PBXFileReference; explicitFileType = wrapper.application; includeInIndex = 0; path = "ios-onedrive-starterkit.app"; sourceTree = BUILT_PRODUCTS_DIR; };
		BBE503D62105E3D20039DDA7 /* AppDelegate.h */ = {isa = PBXFileReference; lastKnownFileType = sourcecode.c.h; path = AppDelegate.h; sourceTree = "<group>"; };
		BBE503D72105E3D20039DDA7 /* AppDelegate.m */ = {isa = PBXFileReference; lastKnownFileType = sourcecode.c.objc; path = AppDelegate.m; sourceTree = "<group>"; };
		BBE503D92105E3D20039DDA7 /* ViewController.h */ = {isa = PBXFileReference; lastKnownFileType = sourcecode.c.h; path = ViewController.h; sourceTree = "<group>"; };
		BBE503DA2105E3D20039DDA7 /* ViewController.m */ = {isa = PBXFileReference; lastKnownFileType = sourcecode.c.objc; path = ViewController.m; sourceTree = "<group>"; };
		BBE503DD2105E3D20039DDA7 /* Base */ = {isa = PBXFileReference; lastKnownFileType = file.storyboard; name = Base; path = Base.lproj/Main.storyboard; sourceTree = "<group>"; };
		BBE503DF2105E3D40039DDA7 /* Assets.xcassets */ = {isa = PBXFileReference; lastKnownFileType = folder.assetcatalog; path = Assets.xcassets; sourceTree = "<group>"; };
		BBE503E22105E3D40039DDA7 /* Base */ = {isa = PBXFileReference; lastKnownFileType = file.storyboard; name = Base; path = Base.lproj/LaunchScreen.storyboard; sourceTree = "<group>"; };
		BBE503E42105E3D40039DDA7 /* Info.plist */ = {isa = PBXFileReference; lastKnownFileType = text.plist.xml; path = Info.plist; sourceTree = "<group>"; };
		BBE503E52105E3D40039DDA7 /* main.m */ = {isa = PBXFileReference; lastKnownFileType = sourcecode.c.objc; path = main.m; sourceTree = "<group>"; };
		BBE503ED2105EF2F0039DDA7 /* OneDriveSDK.xcodeproj */ = {isa = PBXFileReference; lastKnownFileType = "wrapper.pb-project"; name = OneDriveSDK.xcodeproj; path = "../../onedrive-sdk-ios/OneDriveSDK/OneDriveSDK.xcodeproj"; sourceTree = "<group>"; };
		BBE5040521060BCC0039DDA7 /* OneDriveKeys.plist */ = {isa = PBXFileReference; lastKnownFileType = text.plist.xml; path = OneDriveKeys.plist; sourceTree = "<group>"; };
		BBE5040721060C2C0039DDA7 /* OneDriveKeys-Sample.plist */ = {isa = PBXFileReference; fileEncoding = 4; lastKnownFileType = text.plist.xml; path = "OneDriveKeys-Sample.plist"; sourceTree = "<group>"; };
		BBE5040921060C7E0039DDA7 /* README.md */ = {isa = PBXFileReference; fileEncoding = 4; lastKnownFileType = net.daringfireball.markdown; path = README.md; sourceTree = SOURCE_ROOT; };
		BBE5040B2106120D0039DDA7 /* ios-onedrive-starterkit-Prefix.pch */ = {isa = PBXFileReference; lastKnownFileType = sourcecode.c.h; path = "ios-onedrive-starterkit-Prefix.pch"; sourceTree = "<group>"; };
/* End PBXFileReference section */

/* Begin PBXFrameworksBuildPhase section */
		BBE503D02105E3D20039DDA7 /* Frameworks */ = {
			isa = PBXFrameworksBuildPhase;
			buildActionMask = 2147483647;
			files = (
				BBE504002105FE6F0039DDA7 /* OneDriveSDK.framework in Frameworks */,
			);
			runOnlyForDeploymentPostprocessing = 0;
		};
/* End PBXFrameworksBuildPhase section */

/* Begin PBXGroup section */
		BB5B0AF6210790B700B3D5BD /* OneDrive API */ = {
			isa = PBXGroup;
			children = (
				BB5B0AF9210790E500B3D5BD /* OneDriveAPI.h */,
				BB5B0AFC2107985500B3D5BD /* StarterKitOneDriveAPI.h */,
				BB5B0AFD2107985500B3D5BD /* StarterKitOneDriveAPI.m */,
			);
			path = "OneDrive API";
			sourceTree = "<group>";
		};
		BBE503CA2105E3D20039DDA7 = {
			isa = PBXGroup;
			children = (
				BBE503D52105E3D20039DDA7 /* ios-onedrive-starterkit */,
				BBE503D42105E3D20039DDA7 /* Products */,
				BBE503EC2105EF0D0039DDA7 /* dependencies */,
				BBE503FF2105FE6F0039DDA7 /* Frameworks */,
			);
			sourceTree = "<group>";
		};
		BBE503D42105E3D20039DDA7 /* Products */ = {
			isa = PBXGroup;
			children = (
				BBE503D32105E3D20039DDA7 /* ios-onedrive-starterkit.app */,
			);
			name = Products;
			sourceTree = "<group>";
		};
		BBE503D52105E3D20039DDA7 /* ios-onedrive-starterkit */ = {
			isa = PBXGroup;
			children = (
				BBE5040921060C7E0039DDA7 /* README.md */,
				BBE503D62105E3D20039DDA7 /* AppDelegate.h */,
				BBE503D72105E3D20039DDA7 /* AppDelegate.m */,
				BBE5040221060A0D0039DDA7 /* UI */,
				BB5B0AF6210790B700B3D5BD /* OneDrive API */,
				BBE5040321060A220039DDA7 /* Resources */,
				BBE50401210604710039DDA7 /* Configuration */,
			);
			path = "ios-onedrive-starterkit";
			sourceTree = "<group>";
		};
		BBE503EC2105EF0D0039DDA7 /* dependencies */ = {
			isa = PBXGroup;
			children = (
				BBE503ED2105EF2F0039DDA7 /* OneDriveSDK.xcodeproj */,
			);
			path = dependencies;
			sourceTree = "<group>";
		};
		BBE503EE2105EF2F0039DDA7 /* Products */ = {
			isa = PBXGroup;
			children = (
				BBE503F42105EF2F0039DDA7 /* OneDriveSDK.framework */,
				BBE503F62105EF2F0039DDA7 /* OneDriveSDKTests.xctest */,
			);
			name = Products;
			sourceTree = "<group>";
		};
		BBE503FF2105FE6F0039DDA7 /* Frameworks */ = {
			isa = PBXGroup;
			children = (
			);
			name = Frameworks;
			sourceTree = "<group>";
		};
		BBE50401210604710039DDA7 /* Configuration */ = {
			isa = PBXGroup;
			children = (
				BBE503E42105E3D40039DDA7 /* Info.plist */,
				BBE5040521060BCC0039DDA7 /* OneDriveKeys.plist */,
				BBE5040721060C2C0039DDA7 /* OneDriveKeys-Sample.plist */,
			);
			path = Configuration;
			sourceTree = "<group>";
		};
		BBE5040221060A0D0039DDA7 /* UI */ = {
			isa = PBXGroup;
			children = (
				BBE503D92105E3D20039DDA7 /* ViewController.h */,
				BBE503DA2105E3D20039DDA7 /* ViewController.m */,
				BBE503DC2105E3D20039DDA7 /* Main.storyboard */,
				BBE503E12105E3D40039DDA7 /* LaunchScreen.storyboard */,
			);
			path = UI;
			sourceTree = "<group>";
		};
		BBE5040321060A220039DDA7 /* Resources */ = {
			isa = PBXGroup;
			children = (
				BBE503E52105E3D40039DDA7 /* main.m */,
				BBE503DF2105E3D40039DDA7 /* Assets.xcassets */,
				BBE5040B2106120D0039DDA7 /* ios-onedrive-starterkit-Prefix.pch */,
			);
			path = Resources;
			sourceTree = "<group>";
		};
/* End PBXGroup section */

/* Begin PBXNativeTarget section */
		BBE503D22105E3D20039DDA7 /* ios-onedrive-starterkit */ = {
			isa = PBXNativeTarget;
			buildConfigurationList = BBE503E92105E3D40039DDA7 /* Build configuration list for PBXNativeTarget "ios-onedrive-starterkit" */;
			buildPhases = (
				BBE503CF2105E3D20039DDA7 /* Sources */,
				BBE503D02105E3D20039DDA7 /* Frameworks */,
				BBE503D12105E3D20039DDA7 /* Resources */,
			);
			buildRules = (
			);
			dependencies = (
			);
			name = "ios-onedrive-starterkit";
			productName = "ios-onedrive-starterkit";
			productReference = BBE503D32105E3D20039DDA7 /* ios-onedrive-starterkit.app */;
			productType = "com.apple.product-type.application";
		};
/* End PBXNativeTarget section */

/* Begin PBXProject section */
		BBE503CB2105E3D20039DDA7 /* Project object */ = {
			isa = PBXProject;
			attributes = {
				LastUpgradeCheck = 0940;
				ORGANIZATIONNAME = dorianlabs;
				TargetAttributes = {
					BBE503D22105E3D20039DDA7 = {
						CreatedOnToolsVersion = 9.4.1;
					};
				};
			};
			buildConfigurationList = BBE503CE2105E3D20039DDA7 /* Build configuration list for PBXProject "ios-onedrive-starterkit" */;
			compatibilityVersion = "Xcode 9.3";
			developmentRegion = en;
			hasScannedForEncodings = 0;
			knownRegions = (
				en,
				Base,
			);
			mainGroup = BBE503CA2105E3D20039DDA7;
			productRefGroup = BBE503D42105E3D20039DDA7 /* Products */;
			projectDirPath = "";
			projectReferences = (
				{
					ProductGroup = BBE503EE2105EF2F0039DDA7 /* Products */;
					ProjectRef = BBE503ED2105EF2F0039DDA7 /* OneDriveSDK.xcodeproj */;
				},
			);
			projectRoot = "";
			targets = (
				BBE503D22105E3D20039DDA7 /* ios-onedrive-starterkit */,
			);
		};
/* End PBXProject section */

/* Begin PBXReferenceProxy section */
		BBE503F42105EF2F0039DDA7 /* OneDriveSDK.framework */ = {
			isa = PBXReferenceProxy;
			fileType = wrapper.framework;
			path = OneDriveSDK.framework;
			remoteRef = BBE503F32105EF2F0039DDA7 /* PBXContainerItemProxy */;
			sourceTree = BUILT_PRODUCTS_DIR;
		};
		BBE503F62105EF2F0039DDA7 /* OneDriveSDKTests.xctest */ = {
			isa = PBXReferenceProxy;
			fileType = wrapper.cfbundle;
			path = OneDriveSDKTests.xctest;
			remoteRef = BBE503F52105EF2F0039DDA7 /* PBXContainerItemProxy */;
			sourceTree = BUILT_PRODUCTS_DIR;
		};
/* End PBXReferenceProxy section */

/* Begin PBXResourcesBuildPhase section */
		BBE503D12105E3D20039DDA7 /* Resources */ = {
			isa = PBXResourcesBuildPhase;
			buildActionMask = 2147483647;
			files = (
				BBE5040A21060C7E0039DDA7 /* README.md in Resources */,
				BBE5040621060BCC0039DDA7 /* OneDriveKeys.plist in Resources */,
				BBE503E32105E3D40039DDA7 /* LaunchScreen.storyboard in Resources */,
				BBE503E02105E3D40039DDA7 /* Assets.xcassets in Resources */,
				BBE503DE2105E3D20039DDA7 /* Main.storyboard in Resources */,
				BBE5040821060C2C0039DDA7 /* OneDriveKeys-Sample.plist in Resources */,
			);
			runOnlyForDeploymentPostprocessing = 0;
		};
/* End PBXResourcesBuildPhase section */

/* Begin PBXSourcesBuildPhase section */
		BBE503CF2105E3D20039DDA7 /* Sources */ = {
			isa = PBXSourcesBuildPhase;
			buildActionMask = 2147483647;
			files = (
				BBE503DB2105E3D20039DDA7 /* ViewController.m in Sources */,
				BB5B0AFE2107985500B3D5BD /* StarterKitOneDriveAPI.m in Sources */,
				BBE503E62105E3D40039DDA7 /* main.m in Sources */,
				BBE503D82105E3D20039DDA7 /* AppDelegate.m in Sources */,
			);
			runOnlyForDeploymentPostprocessing = 0;
		};
/* End PBXSourcesBuildPhase section */

/* Begin PBXVariantGroup section */
		BBE503DC2105E3D20039DDA7 /* Main.storyboard */ = {
			isa = PBXVariantGroup;
			children = (
				BBE503DD2105E3D20039DDA7 /* Base */,
			);
			name = Main.storyboard;
			sourceTree = "<group>";
		};
		BBE503E12105E3D40039DDA7 /* LaunchScreen.storyboard */ = {
			isa = PBXVariantGroup;
			children = (
				BBE503E22105E3D40039DDA7 /* Base */,
			);
			name = LaunchScreen.storyboard;
			sourceTree = "<group>";
		};
/* End PBXVariantGroup section */

/* Begin XCBuildConfiguration section */
		BBE503E72105E3D40039DDA7 /* Debug */ = {
			isa = XCBuildConfiguration;
			buildSettings = {
				ALWAYS_SEARCH_USER_PATHS = NO;
				CLANG_ANALYZER_NONNULL = YES;
				CLANG_ANALYZER_NUMBER_OBJECT_CONVERSION = YES_AGGRESSIVE;
				CLANG_CXX_LANGUAGE_STANDARD = "gnu++14";
				CLANG_CXX_LIBRARY = "libc++";
				CLANG_ENABLE_MODULES = YES;
				CLANG_ENABLE_OBJC_ARC = YES;
				CLANG_ENABLE_OBJC_WEAK = YES;
				CLANG_WARN_BLOCK_CAPTURE_AUTORELEASING = YES;
				CLANG_WARN_BOOL_CONVERSION = YES;
				CLANG_WARN_COMMA = YES;
				CLANG_WARN_CONSTANT_CONVERSION = YES;
				CLANG_WARN_DEPRECATED_OBJC_IMPLEMENTATIONS = YES;
				CLANG_WARN_DIRECT_OBJC_ISA_USAGE = YES_ERROR;
				CLANG_WARN_DOCUMENTATION_COMMENTS = YES;
				CLANG_WARN_EMPTY_BODY = YES;
				CLANG_WARN_ENUM_CONVERSION = YES;
				CLANG_WARN_INFINITE_RECURSION = YES;
				CLANG_WARN_INT_CONVERSION = YES;
				CLANG_WARN_NON_LITERAL_NULL_CONVERSION = YES;
				CLANG_WARN_OBJC_IMPLICIT_RETAIN_SELF = YES;
				CLANG_WARN_OBJC_LITERAL_CONVERSION = YES;
				CLANG_WARN_OBJC_ROOT_CLASS = YES_ERROR;
				CLANG_WARN_RANGE_LOOP_ANALYSIS = YES;
				CLANG_WARN_STRICT_PROTOTYPES = YES;
				CLANG_WARN_SUSPICIOUS_MOVE = YES;
				CLANG_WARN_UNGUARDED_AVAILABILITY = YES_AGGRESSIVE;
				CLANG_WARN_UNREACHABLE_CODE = YES;
				CLANG_WARN__DUPLICATE_METHOD_MATCH = YES;
				CODE_SIGN_IDENTITY = "iPhone Developer";
				COPY_PHASE_STRIP = NO;
				DEBUG_INFORMATION_FORMAT = dwarf;
				ENABLE_STRICT_OBJC_MSGSEND = YES;
				ENABLE_TESTABILITY = YES;
				GCC_C_LANGUAGE_STANDARD = gnu11;
				GCC_DYNAMIC_NO_PIC = NO;
				GCC_NO_COMMON_BLOCKS = YES;
				GCC_OPTIMIZATION_LEVEL = 0;
				GCC_PREPROCESSOR_DEFINITIONS = (
					"DEBUG=1",
					"$(inherited)",
				);
				GCC_WARN_64_TO_32_BIT_CONVERSION = YES;
				GCC_WARN_ABOUT_RETURN_TYPE = YES_ERROR;
				GCC_WARN_UNDECLARED_SELECTOR = YES;
				GCC_WARN_UNINITIALIZED_AUTOS = YES_AGGRESSIVE;
				GCC_WARN_UNUSED_FUNCTION = YES;
				GCC_WARN_UNUSED_VARIABLE = YES;
				IPHONEOS_DEPLOYMENT_TARGET = 11.4;
				MTL_ENABLE_DEBUG_INFO = YES;
				ONLY_ACTIVE_ARCH = YES;
				SDKROOT = iphoneos;
			};
			name = Debug;
		};
		BBE503E82105E3D40039DDA7 /* Release */ = {
			isa = XCBuildConfiguration;
			buildSettings = {
				ALWAYS_SEARCH_USER_PATHS = NO;
				CLANG_ANALYZER_NONNULL = YES;
				CLANG_ANALYZER_NUMBER_OBJECT_CONVERSION = YES_AGGRESSIVE;
				CLANG_CXX_LANGUAGE_STANDARD = "gnu++14";
				CLANG_CXX_LIBRARY = "libc++";
				CLANG_ENABLE_MODULES = YES;
				CLANG_ENABLE_OBJC_ARC = YES;
				CLANG_ENABLE_OBJC_WEAK = YES;
				CLANG_WARN_BLOCK_CAPTURE_AUTORELEASING = YES;
				CLANG_WARN_BOOL_CONVERSION = YES;
				CLANG_WARN_COMMA = YES;
				CLANG_WARN_CONSTANT_CONVERSION = YES;
				CLANG_WARN_DEPRECATED_OBJC_IMPLEMENTATIONS = YES;
				CLANG_WARN_DIRECT_OBJC_ISA_USAGE = YES_ERROR;
				CLANG_WARN_DOCUMENTATION_COMMENTS = YES;
				CLANG_WARN_EMPTY_BODY = YES;
				CLANG_WARN_ENUM_CONVERSION = YES;
				CLANG_WARN_INFINITE_RECURSION = YES;
				CLANG_WARN_INT_CONVERSION = YES;
				CLANG_WARN_NON_LITERAL_NULL_CONVERSION = YES;
				CLANG_WARN_OBJC_IMPLICIT_RETAIN_SELF = YES;
				CLANG_WARN_OBJC_LITERAL_CONVERSION = YES;
				CLANG_WARN_OBJC_ROOT_CLASS = YES_ERROR;
				CLANG_WARN_RANGE_LOOP_ANALYSIS = YES;
				CLANG_WARN_STRICT_PROTOTYPES = YES;
				CLANG_WARN_SUSPICIOUS_MOVE = YES;
				CLANG_WARN_UNGUARDED_AVAILABILITY = YES_AGGRESSIVE;
				CLANG_WARN_UNREACHABLE_CODE = YES;
				CLANG_WARN__DUPLICATE_METHOD_MATCH = YES;
				CODE_SIGN_IDENTITY = "iPhone Developer";
				COPY_PHASE_STRIP = NO;
				DEBUG_INFORMATION_FORMAT = "dwarf-with-dsym";
				ENABLE_NS_ASSERTIONS = NO;
				ENABLE_STRICT_OBJC_MSGSEND = YES;
				GCC_C_LANGUAGE_STANDARD = gnu11;
				GCC_NO_COMMON_BLOCKS = YES;
				GCC_WARN_64_TO_32_BIT_CONVERSION = YES;
				GCC_WARN_ABOUT_RETURN_TYPE = YES_ERROR;
				GCC_WARN_UNDECLARED_SELECTOR = YES;
				GCC_WARN_UNINITIALIZED_AUTOS = YES_AGGRESSIVE;
				GCC_WARN_UNUSED_FUNCTION = YES;
				GCC_WARN_UNUSED_VARIABLE = YES;
				IPHONEOS_DEPLOYMENT_TARGET = 11.4;
				MTL_ENABLE_DEBUG_INFO = NO;
				SDKROOT = iphoneos;
				VALIDATE_PRODUCT = YES;
			};
			name = Release;
		};
		BBE503EA2105E3D40039DDA7 /* Debug */ = {
			isa = XCBuildConfiguration;
			buildSettings = {
				ASSETCATALOG_COMPILER_APPICON_NAME = AppIcon;
				CODE_SIGN_STYLE = Automatic;
				DEVELOPMENT_TEAM = WCG9HNJRTD;
				GCC_PRECOMPILE_PREFIX_HEADER = YES;
				GCC_PREFIX_HEADER = "ios-onedrive-starterkit/Resources/ios-onedrive-starterkit-Prefix.pch";
				HEADER_SEARCH_PATHS = "$(SRCROOT)/../onedrive-sdk-ios/OneDriveSDK/**";
				INFOPLIST_FILE = "ios-onedrive-starterkit/Configuration/Info.plist";
				LD_RUNPATH_SEARCH_PATHS = (
					"$(inherited)",
					"@executable_path/Frameworks",
				);
				PRODUCT_BUNDLE_IDENTIFIER = "com.dorianlabs.ios-onedrive-starterkit";
				PRODUCT_NAME = "$(TARGET_NAME)";
				TARGETED_DEVICE_FAMILY = "1,2";
			};
			name = Debug;
		};
		BBE503EB2105E3D40039DDA7 /* Release */ = {
			isa = XCBuildConfiguration;
			buildSettings = {
				ASSETCATALOG_COMPILER_APPICON_NAME = AppIcon;
				CODE_SIGN_STYLE = Automatic;
				DEVELOPMENT_TEAM = WCG9HNJRTD;
				GCC_PRECOMPILE_PREFIX_HEADER = YES;
				GCC_PREFIX_HEADER = "ios-onedrive-starterkit/Resources/ios-onedrive-starterkit-Prefix.pch";
				HEADER_SEARCH_PATHS = "$(SRCROOT)/../onedrive-sdk-ios/OneDriveSDK/**";
				INFOPLIST_FILE = "ios-onedrive-starterkit/Configuration/Info.plist";
				LD_RUNPATH_SEARCH_PATHS = (
					"$(inherited)",
					"@executable_path/Frameworks",
				);
				PRODUCT_BUNDLE_IDENTIFIER = "com.dorianlabs.ios-onedrive-starterkit";
				PRODUCT_NAME = "$(TARGET_NAME)";
				TARGETED_DEVICE_FAMILY = "1,2";
			};
			name = Release;
		};
/* End XCBuildConfiguration section */

/* Begin XCConfigurationList section */
		BBE503CE2105E3D20039DDA7 /* Build configuration list for PBXProject "ios-onedrive-starterkit" */ = {
			isa = XCConfigurationList;
			buildConfigurations = (
				BBE503E72105E3D40039DDA7 /* Debug */,
				BBE503E82105E3D40039DDA7 /* Release */,
			);
			defaultConfigurationIsVisible = 0;
			defaultConfigurationName = Release;
		};
		BBE503E92105E3D40039DDA7 /* Build configuration list for PBXNativeTarget "ios-onedrive-starterkit" */ = {
			isa = XCConfigurationList;
			buildConfigurations = (
				BBE503EA2105E3D40039DDA7 /* Debug */,
				BBE503EB2105E3D40039DDA7 /* Release */,
			);
			defaultConfigurationIsVisible = 0;
			defaultConfigurationName = Release;
		};
/* End XCConfigurationList section */
	};
	rootObject = BBE503CB2105E3D20039DDA7 /* Project object */;
}
